// !$*UTF8*$!
{
	archiveVersion = 1;
	classes = {
	};
	objectVersion = 46;
	objects = {

/* Begin PBXBuildFile section */
		6B1079DE1E75CE9E003434C0 /* AppDelegate.swift in Sources */ = {isa = PBXBuildFile; fileRef = 6B1079DD1E75CE9E003434C0 /* AppDelegate.swift */; };
		6B1079E01E75CE9F003434C0 /* ViewController.swift in Sources */ = {isa = PBXBuildFile; fileRef = 6B1079DF1E75CE9F003434C0 /* ViewController.swift */; };
		6B1079E31E75CE9F003434C0 /* Main.storyboard in Resources */ = {isa = PBXBuildFile; fileRef = 6B1079E11E75CE9F003434C0 /* Main.storyboard */; };
		6B1079E51E75CE9F003434C0 /* Assets.xcassets in Resources */ = {isa = PBXBuildFile; fileRef = 6B1079E41E75CE9F003434C0 /* Assets.xcassets */; };
		6B1079E81E75CE9F003434C0 /* LaunchScreen.storyboard in Resources */ = {isa = PBXBuildFile; fileRef = 6B1079E61E75CE9F003434C0 /* LaunchScreen.storyboard */; };
		6B1079F31E75CE9F003434C0 /* Tic_Tac_ToeTests.swift in Sources */ = {isa = PBXBuildFile; fileRef = 6B1079F21E75CE9F003434C0 /* Tic_Tac_ToeTests.swift */; };
		6B1079FE1E75CE9F003434C0 /* Tic_Tac_ToeUITests.swift in Sources */ = {isa = PBXBuildFile; fileRef = 6B1079FD1E75CE9F003434C0 /* Tic_Tac_ToeUITests.swift */; };
		6B107A0C1E75CF4F003434C0 /* board_0.png in Resources */ = {isa = PBXBuildFile; fileRef = 6B107A0B1E75CF4F003434C0 /* board_0.png */; };
		6B107A0E1E75D0FA003434C0 /* x.png in Resources */ = {isa = PBXBuildFile; fileRef = 6B107A0D1E75D0FA003434C0 /* x.png */; };
		6B107A101E75D119003434C0 /* playO.png in Resources */ = {isa = PBXBuildFile; fileRef = 6B107A0F1E75D119003434C0 /* playO.png */; };
/* End PBXBuildFile section */

/* Begin PBXContainerItemProxy section */
		6B1079EF1E75CE9F003434C0 /* PBXContainerItemProxy */ = {
			isa = PBXContainerItemProxy;
			containerPortal = 6B1079D21E75CE9E003434C0 /* Project object */;
			proxyType = 1;
			remoteGlobalIDString = 6B1079D91E75CE9E003434C0;
			remoteInfo = "Tic Tac Toe";
		};
		6B1079FA1E75CE9F003434C0 /* PBXContainerItemProxy */ = {
			isa = PBXContainerItemProxy;
			containerPortal = 6B1079D21E75CE9E003434C0 /* Project object */;
			proxyType = 1;
			remoteGlobalIDString = 6B1079D91E75CE9E003434C0;
			remoteInfo = "Tic Tac Toe";
		};
/* End PBXContainerItemProxy section */

/* Begin PBXFileReference section */
		6B1079DA1E75CE9E003434C0 /* Tic Tac Toe.app */ = {isa = PBXFileReference; explicitFileType = wrapper.application; includeInIndex = 0; path = "Tic Tac Toe.app"; sourceTree = BUILT_PRODUCTS_DIR; };
		6B1079DD1E75CE9E003434C0 /* AppDelegate.swift */ = {isa = PBXFileReference; lastKnownFileType = sourcecode.swift; path = AppDelegate.swift; sourceTree = "<group>"; };
		6B1079DF1E75CE9F003434C0 /* ViewController.swift */ = {isa = PBXFileReference; lastKnownFileType = sourcecode.swift; path = ViewController.swift; sourceTree = "<group>"; };
		6B1079E21E75CE9F003434C0 /* Base */ = {isa = PBXFileReference; lastKnownFileType = file.storyboard; name = Base; path = Base.lproj/Main.storyboard; sourceTree = "<group>"; };
		6B1079E41E75CE9F003434C0 /* Assets.xcassets */ = {isa = PBXFileReference; lastKnownFileType = folder.assetcatalog; path = Assets.xcassets; sourceTree = "<group>"; };
		6B1079E71E75CE9F003434C0 /* Base */ = {isa = PBXFileReference; lastKnownFileType = file.storyboard; name = Base; path = Base.lproj/LaunchScreen.storyboard; sourceTree = "<group>"; };
		6B1079E91E75CE9F003434C0 /* Info.plist */ = {isa = PBXFileReference; lastKnownFileType = text.plist.xml; path = Info.plist; sourceTree = "<group>"; };
		6B1079EE1E75CE9F003434C0 /* Tic Tac ToeTests.xctest */ = {isa = PBXFileReference; explicitFileType = wrapper.cfbundle; includeInIndex = 0; path = "Tic Tac ToeTests.xctest"; sourceTree = BUILT_PRODUCTS_DIR; };
		6B1079F21E75CE9F003434C0 /* Tic_Tac_ToeTests.swift */ = {isa = PBXFileReference; lastKnownFileType = sourcecode.swift; path = Tic_Tac_ToeTests.swift; sourceTree = "<group>"; };
		6B1079F41E75CE9F003434C0 /* Info.plist */ = {isa = PBXFileReference; lastKnownFileType = text.plist.xml; path = Info.plist; sourceTree = "<group>"; };
		6B1079F91E75CE9F003434C0 /* Tic Tac ToeUITests.xctest */ = {isa = PBXFileReference; explicitFileType = wrapper.cfbundle; includeInIndex = 0; path = "Tic Tac ToeUITests.xctest"; sourceTree = BUILT_PRODUCTS_DIR; };
		6B1079FD1E75CE9F003434C0 /* Tic_Tac_ToeUITests.swift */ = {isa = PBXFileReference; lastKnownFileType = sourcecode.swift; path = Tic_Tac_ToeUITests.swift; sourceTree = "<group>"; };
		6B1079FF1E75CE9F003434C0 /* Info.plist */ = {isa = PBXFileReference; lastKnownFileType = text.plist.xml; path = Info.plist; sourceTree = "<group>"; };
		6B107A0B1E75CF4F003434C0 /* board_0.png */ = {isa = PBXFileReference; lastKnownFileType = image.png; path = board_0.png; sourceTree = "<group>"; };
		6B107A0D1E75D0FA003434C0 /* x.png */ = {isa = PBXFileReference; lastKnownFileType = image.png; path = x.png; sourceTree = "<group>"; };
		6B107A0F1E75D119003434C0 /* playO.png */ = {isa = PBXFileReference; lastKnownFileType = image.png; path = playO.png; sourceTree = "<group>"; };
/* End PBXFileReference section */

/* Begin PBXFrameworksBuildPhase section */
		6B1079D71E75CE9E003434C0 /* Frameworks */ = {
			isa = PBXFrameworksBuildPhase;
			buildActionMask = 2147483647;
			files = (
			);
			runOnlyForDeploymentPostprocessing = 0;
		};
		6B1079EB1E75CE9F003434C0 /* Frameworks */ = {
			isa = PBXFrameworksBuildPhase;
			buildActionMask = 2147483647;
			files = (
			);
			runOnlyForDeploymentPostprocessing = 0;
		};
		6B1079F61E75CE9F003434C0 /* Frameworks */ = {
			isa = PBXFrameworksBuildPhase;
			buildActionMask = 2147483647;
			files = (
			);
			runOnlyForDeploymentPostprocessing = 0;
		};
/* End PBXFrameworksBuildPhase section */

/* Begin PBXGroup section */
		6B1079D11E75CE9E003434C0 = {
			isa = PBXGroup;
			children = (
				6B1079DC1E75CE9E003434C0 /* Tic Tac Toe */,
				6B1079F11E75CE9F003434C0 /* Tic Tac ToeTests */,
				6B1079FC1E75CE9F003434C0 /* Tic Tac ToeUITests */,
				6B1079DB1E75CE9E003434C0 /* Products */,
			);
			sourceTree = "<group>";
		};
		6B1079DB1E75CE9E003434C0 /* Products */ = {
			isa = PBXGroup;
			children = (
				6B1079DA1E75CE9E003434C0 /* Tic Tac Toe.app */,
				6B1079EE1E75CE9F003434C0 /* Tic Tac ToeTests.xctest */,
				6B1079F91E75CE9F003434C0 /* Tic Tac ToeUITests.xctest */,
			);
			name = Products;
			sourceTree = "<group>";
		};
		6B1079DC1E75CE9E003434C0 /* Tic Tac Toe */ = {
			isa = PBXGroup;
			children = (
				6B1079DD1E75CE9E003434C0 /* AppDelegate.swift */,
				6B1079DF1E75CE9F003434C0 /* ViewController.swift */,
				6B1079E11E75CE9F003434C0 /* Main.storyboard */,
				6B107A0B1E75CF4F003434C0 /* board_0.png */,
				6B107A0D1E75D0FA003434C0 /* x.png */,
				6B107A0F1E75D119003434C0 /* playO.png */,
				6B1079E41E75CE9F003434C0 /* Assets.xcassets */,
				6B1079E61E75CE9F003434C0 /* LaunchScreen.storyboard */,
				6B1079E91E75CE9F003434C0 /* Info.plist */,
			);
			path = "Tic Tac Toe";
			sourceTree = "<group>";
		};
		6B1079F11E75CE9F003434C0 /* Tic Tac ToeTests */ = {
			isa = PBXGroup;
			children = (
				6B1079F21E75CE9F003434C0 /* Tic_Tac_ToeTests.swift */,
				6B1079F41E75CE9F003434C0 /* Info.plist */,
			);
			path = "Tic Tac ToeTests";
			sourceTree = "<group>";
		};
		6B1079FC1E75CE9F003434C0 /* Tic Tac ToeUITests */ = {
			isa = PBXGroup;
			children = (
				6B1079FD1E75CE9F003434C0 /* Tic_Tac_ToeUITests.swift */,
				6B1079FF1E75CE9F003434C0 /* Info.plist */,
			);
			path = "Tic Tac ToeUITests";
			sourceTree = "<group>";
		};
/* End PBXGroup section */

/* Begin PBXNativeTarget section */
		6B1079D91E75CE9E003434C0 /* Tic Tac Toe */ = {
			isa = PBXNativeTarget;
			buildConfigurationList = 6B107A021E75CE9F003434C0 /* Build configuration list for PBXNativeTarget "Tic Tac Toe" */;
			buildPhases = (
				6B1079D61E75CE9E003434C0 /* Sources */,
				6B1079D71E75CE9E003434C0 /* Frameworks */,
				6B1079D81E75CE9E003434C0 /* Resources */,
			);
			buildRules = (
			);
			dependencies = (
			);
			name = "Tic Tac Toe";
			productName = "Tic Tac Toe";
			productReference = 6B1079DA1E75CE9E003434C0 /* Tic Tac Toe.app */;
			productType = "com.apple.product-type.application";
		};
		6B1079ED1E75CE9F003434C0 /* Tic Tac ToeTests */ = {
			isa = PBXNativeTarget;
			buildConfigurationList = 6B107A051E75CE9F003434C0 /* Build configuration list for PBXNativeTarget "Tic Tac ToeTests" */;
			buildPhases = (
				6B1079EA1E75CE9F003434C0 /* Sources */,
				6B1079EB1E75CE9F003434C0 /* Frameworks */,
				6B1079EC1E75CE9F003434C0 /* Resources */,
			);
			buildRules = (
			);
			dependencies = (
				6B1079F01E75CE9F003434C0 /* PBXTargetDependency */,
			);
			name = "Tic Tac ToeTests";
			productName = "Tic Tac ToeTests";
			productReference = 6B1079EE1E75CE9F003434C0 /* Tic Tac ToeTests.xctest */;
			productType = "com.apple.product-type.bundle.unit-test";
		};
		6B1079F81E75CE9F003434C0 /* Tic Tac ToeUITests */ = {
			isa = PBXNativeTarget;
			buildConfigurationList = 6B107A081E75CE9F003434C0 /* Build configuration list for PBXNativeTarget "Tic Tac ToeUITests" */;
			buildPhases = (
				6B1079F51E75CE9F003434C0 /* Sources */,
				6B1079F61E75CE9F003434C0 /* Frameworks */,
				6B1079F71E75CE9F003434C0 /* Resources */,
			);
			buildRules = (
			);
			dependencies = (
				6B1079FB1E75CE9F003434C0 /* PBXTargetDependency */,
			);
			name = "Tic Tac ToeUITests";
			productName = "Tic Tac ToeUITests";
			productReference = 6B1079F91E75CE9F003434C0 /* Tic Tac ToeUITests.xctest */;
			productType = "com.apple.product-type.bundle.ui-testing";
		};
/* End PBXNativeTarget section */

/* Begin PBXProject section */
		6B1079D21E75CE9E003434C0 /* Project object */ = {
			isa = PBXProject;
			attributes = {
				LastSwiftUpdateCheck = 0800;
				LastUpgradeCheck = 0800;
				ORGANIZATIONNAME = "Pedro Neves Alvarez";
				TargetAttributes = {
					6B1079D91E75CE9E003434C0 = {
						CreatedOnToolsVersion = 8.0;
						ProvisioningStyle = Automatic;
					};
					6B1079ED1E75CE9F003434C0 = {
						CreatedOnToolsVersion = 8.0;
						ProvisioningStyle = Automatic;
						TestTargetID = 6B1079D91E75CE9E003434C0;
					};
					6B1079F81E75CE9F003434C0 = {
						CreatedOnToolsVersion = 8.0;
						ProvisioningStyle = Automatic;
						TestTargetID = 6B1079D91E75CE9E003434C0;
					};
				};
			};
			buildConfigurationList = 6B1079D51E75CE9E003434C0 /* Build configuration list for PBXProject "Tic Tac Toe" */;
			compatibilityVersion = "Xcode 3.2";
			developmentRegion = English;
			hasScannedForEncodings = 0;
			knownRegions = (
				en,
				Base,
			);
			mainGroup = 6B1079D11E75CE9E003434C0;
			productRefGroup = 6B1079DB1E75CE9E003434C0 /* Products */;
			projectDirPath = "";
			projectRoot = "";
			targets = (
				6B1079D91E75CE9E003434C0 /* Tic Tac Toe */,
				6B1079ED1E75CE9F003434C0 /* Tic Tac ToeTests */,
				6B1079F81E75CE9F003434C0 /* Tic Tac ToeUITests */,
			);
		};
/* End PBXProject section */

/* Begin PBXResourcesBuildPhase section */
		6B1079D81E75CE9E003434C0 /* Resources */ = {
			isa = PBXResourcesBuildPhase;
			buildActionMask = 2147483647;
			files = (
				6B1079E81E75CE9F003434C0 /* LaunchScreen.storyboard in Resources */,
				6B107A0C1E75CF4F003434C0 /* board_0.png in Resources */,
				6B107A0E1E75D0FA003434C0 /* x.png in Resources */,
				6B1079E51E75CE9F003434C0 /* Assets.xcassets in Resources */,
				6B1079E31E75CE9F003434C0 /* Main.storyboard in Resources */,
				6B107A101E75D119003434C0 /* playO.png in Resources */,
			);
			runOnlyForDeploymentPostprocessing = 0;
		};
		6B1079EC1E75CE9F003434C0 /* Resources */ = {
			isa = PBXResourcesBuildPhase;
			buildActionMask = 2147483647;
			files = (
			);
			runOnlyForDeploymentPostprocessing = 0;
		};
		6B1079F71E75CE9F003434C0 /* Resources */ = {
			isa = PBXResourcesBuildPhase;
			buildActionMask = 2147483647;
			files = (
			);
			runOnlyForDeploymentPostprocessing = 0;
		};
/* End PBXResourcesBuildPhase section */

/* Begin PBXSourcesBuildPhase section */
		6B1079D61E75CE9E003434C0 /* Sources */ = {
			isa = PBXSourcesBuildPhase;
			buildActionMask = 2147483647;
			files = (
				6B1079E01E75CE9F003434C0 /* ViewController.swift in Sources */,
				6B1079DE1E75CE9E003434C0 /* AppDelegate.swift in Sources */,
			);
			runOnlyForDeploymentPostprocessing = 0;
		};
		6B1079EA1E75CE9F003434C0 /* Sources */ = {
			isa = PBXSourcesBuildPhase;
			buildActionMask = 2147483647;
			files = (
				6B1079F31E75CE9F003434C0 /* Tic_Tac_ToeTests.swift in Sources */,
			);
			runOnlyForDeploymentPostprocessing = 0;
		};
		6B1079F51E75CE9F003434C0 /* Sources */ = {
			isa = PBXSourcesBuildPhase;
			buildActionMask = 2147483647;
			files = (
				6B1079FE1E75CE9F003434C0 /* Tic_Tac_ToeUITests.swift in Sources */,
			);
			runOnlyForDeploymentPostprocessing = 0;
		};
/* End PBXSourcesBuildPhase section */

/* Begin PBXTargetDependency section */
		6B1079F01E75CE9F003434C0 /* PBXTargetDependency */ = {
			isa = PBXTargetDependency;
			target = 6B1079D91E75CE9E003434C0 /* Tic Tac Toe */;
			targetProxy = 6B1079EF1E75CE9F003434C0 /* PBXContainerItemProxy */;
		};
		6B1079FB1E75CE9F003434C0 /* PBXTargetDependency */ = {
			isa = PBXTargetDependency;
			target = 6B1079D91E75CE9E003434C0 /* Tic Tac Toe */;
			targetProxy = 6B1079FA1E75CE9F003434C0 /* PBXContainerItemProxy */;
		};
/* End PBXTargetDependency section */

/* Begin PBXVariantGroup section */
		6B1079E11E75CE9F003434C0 /* Main.storyboard */ = {
			isa = PBXVariantGroup;
			children = (
				6B1079E21E75CE9F003434C0 /* Base */,
			);
			name = Main.storyboard;
			sourceTree = "<group>";
		};
		6B1079E61E75CE9F003434C0 /* LaunchScreen.storyboard */ = {
			isa = PBXVariantGroup;
			children = (
				6B1079E71E75CE9F003434C0 /* Base */,
			);
			name = LaunchScreen.storyboard;
			sourceTree = "<group>";
		};
/* End PBXVariantGroup section */

/* Begin XCBuildConfiguration section */
		6B107A001E75CE9F003434C0 /* Debug */ = {
			isa = XCBuildConfiguration;
			buildSettings = {
				ALWAYS_SEARCH_USER_PATHS = NO;
				CLANG_ANALYZER_NONNULL = YES;
				CLANG_CXX_LANGUAGE_STANDARD = "gnu++0x";
				CLANG_CXX_LIBRARY = "libc++";
				CLANG_ENABLE_MODULES = YES;
				CLANG_ENABLE_OBJC_ARC = YES;
				CLANG_WARN_BOOL_CONVERSION = YES;
				CLANG_WARN_CONSTANT_CONVERSION = YES;
				CLANG_WARN_DIRECT_OBJC_ISA_USAGE = YES_ERROR;
				CLANG_WARN_DOCUMENTATION_COMMENTS = YES;
				CLANG_WARN_EMPTY_BODY = YES;
				CLANG_WARN_ENUM_CONVERSION = YES;
				CLANG_WARN_INFINITE_RECURSION = YES;
				CLANG_WARN_INT_CONVERSION = YES;
				CLANG_WARN_OBJC_ROOT_CLASS = YES_ERROR;
				CLANG_WARN_SUSPICIOUS_MOVES = YES;
				CLANG_WARN_UNREACHABLE_CODE = YES;
				CLANG_WARN__DUPLICATE_METHOD_MATCH = YES;
				"CODE_SIGN_IDENTITY[sdk=iphoneos*]" = "iPhone Developer";
				COPY_PHASE_STRIP = NO;
				DEBUG_INFORMATION_FORMAT = dwarf;
				ENABLE_STRICT_OBJC_MSGSEND = YES;
				ENABLE_TESTABILITY = YES;
				GCC_C_LANGUAGE_STANDARD = gnu99;
				GCC_DYNAMIC_NO_PIC = NO;
				GCC_NO_COMMON_BLOCKS = YES;
				GCC_OPTIMIZATION_LEVEL = 0;
				GCC_PREPROCESSOR_DEFINITIONS = (
					"DEBUG=1",
					"$(inherited)",
				);
				GCC_WARN_64_TO_32_BIT_CONVERSION = YES;
				GCC_WARN_ABOUT_RETURN_TYPE = YES_ERROR;
				GCC_WARN_UNDECLARED_SELECTOR = YES;
				GCC_WARN_UNINITIALIZED_AUTOS = YES_AGGRESSIVE;
				GCC_WARN_UNUSED_FUNCTION = YES;
				GCC_WARN_UNUSED_VARIABLE = YES;
				IPHONEOS_DEPLOYMENT_TARGET = 10.0;
				MTL_ENABLE_DEBUG_INFO = YES;
				ONLY_ACTIVE_ARCH = YES;
				SDKROOT = iphoneos;
				SWIFT_ACTIVE_COMPILATION_CONDITIONS = DEBUG;
				SWIFT_OPTIMIZATION_LEVEL = "-Onone";
			};
			name = Debug;
		};
		6B107A011E75CE9F003434C0 /* Release */ = {
			isa = XCBuildConfiguration;
			buildSettings = {
				ALWAYS_SEARCH_USER_PATHS = NO;
				CLANG_ANALYZER_NONNULL = YES;
				CLANG_CXX_LANGUAGE_STANDARD = "gnu++0x";
				CLANG_CXX_LIBRARY = "libc++";
				CLANG_ENABLE_MODULES = YES;
				CLANG_ENABLE_OBJC_ARC = YES;
				CLANG_WARN_BOOL_CONVERSION = YES;
				CLANG_WARN_CONSTANT_CONVERSION = YES;
				CLANG_WARN_DIRECT_OBJC_ISA_USAGE = YES_ERROR;
				CLANG_WARN_DOCUMENTATION_COMMENTS = YES;
				CLANG_WARN_EMPTY_BODY = YES;
				CLANG_WARN_ENUM_CONVERSION = YES;
				CLANG_WARN_INFINITE_RECURSION = YES;
				CLANG_WARN_INT_CONVERSION = YES;
				CLANG_WARN_OBJC_ROOT_CLASS = YES_ERROR;
				CLANG_WARN_SUSPICIOUS_MOVES = YES;
				CLANG_WARN_UNREACHABLE_CODE = YES;
				CLANG_WARN__DUPLICATE_METHOD_MATCH = YES;
				"CODE_SIGN_IDENTITY[sdk=iphoneos*]" = "iPhone Developer";
				COPY_PHASE_STRIP = NO;
				DEBUG_INFORMATION_FORMAT = "dwarf-with-dsym";
				ENABLE_NS_ASSERTIONS = NO;
				ENABLE_STRICT_OBJC_MSGSEND = YES;
				GCC_C_LANGUAGE_STANDARD = gnu99;
				GCC_NO_COMMON_BLOCKS = YES;
				GCC_WARN_64_TO_32_BIT_CONVERSION = YES;
				GCC_WARN_ABOUT_RETURN_TYPE = YES_ERROR;
				GCC_WARN_UNDECLARED_SELECTOR = YES;
				GCC_WARN_UNINITIALIZED_AUTOS = YES_AGGRESSIVE;
				GCC_WARN_UNUSED_FUNCTION = YES;
				GCC_WARN_UNUSED_VARIABLE = YES;
				IPHONEOS_DEPLOYMENT_TARGET = 10.0;
				MTL_ENABLE_DEBUG_INFO = NO;
				SDKROOT = iphoneos;
				SWIFT_OPTIMIZATION_LEVEL = "-Owholemodule";
				VALIDATE_PRODUCT = YES;
			};
			name = Release;
		};
		6B107A031E75CE9F003434C0 /* Debug */ = {
			isa = XCBuildConfiguration;
			buildSettings = {
				ASSETCATALOG_COMPILER_APPICON_NAME = AppIcon;
				INFOPLIST_FILE = "Tic Tac Toe/Info.plist";
				LD_RUNPATH_SEARCH_PATHS = "$(inherited) @executable_path/Frameworks";
				PRODUCT_BUNDLE_IDENTIFIER = "paapptech.Tic-Tac-Toe";
				PRODUCT_NAME = "$(TARGET_NAME)";
				SWIFT_VERSION = 3.0;
			};
			name = Debug;
		};
		6B107A041E75CE9F003434C0 /* Release */ = {
			isa = XCBuildConfiguration;
			buildSettings = {
				ASSETCATALOG_COMPILER_APPICON_NAME = AppIcon;
				INFOPLIST_FILE = "Tic Tac Toe/Info.plist";
				LD_RUNPATH_SEARCH_PATHS = "$(inherited) @executable_path/Frameworks";
				PRODUCT_BUNDLE_IDENTIFIER = "paapptech.Tic-Tac-Toe";
				PRODUCT_NAME = "$(TARGET_NAME)";
				SWIFT_VERSION = 3.0;
			};
			name = Release;
		};
		6B107A061E75CE9F003434C0 /* Debug */ = {
			isa = XCBuildConfiguration;
			buildSettings = {
				ALWAYS_EMBED_SWIFT_STANDARD_LIBRARIES = YES;
				BUNDLE_LOADER = "$(TEST_HOST)";
				INFOPLIST_FILE = "Tic Tac ToeTests/Info.plist";
				LD_RUNPATH_SEARCH_PATHS = "$(inherited) @executable_path/Frameworks @loader_path/Frameworks";
				PRODUCT_BUNDLE_IDENTIFIER = "paapptech.Tic-Tac-ToeTests";
				PRODUCT_NAME = "$(TARGET_NAME)";
				SWIFT_VERSION = 3.0;
				TEST_HOST = "$(BUILT_PRODUCTS_DIR)/Tic Tac Toe.app/Tic Tac Toe";
			};
			name = Debug;
		};
		6B107A071E75CE9F003434C0 /* Release */ = {
			isa = XCBuildConfiguration;
			buildSettings = {
				ALWAYS_EMBED_SWIFT_STANDARD_LIBRARIES = YES;
				BUNDLE_LOADER = "$(TEST_HOST)";
				INFOPLIST_FILE = "Tic Tac ToeTests/Info.plist";
				LD_RUNPATH_SEARCH_PATHS = "$(inherited) @executable_path/Frameworks @loader_path/Frameworks";
				PRODUCT_BUNDLE_IDENTIFIER = "paapptech.Tic-Tac-ToeTests";
				PRODUCT_NAME = "$(TARGET_NAME)";
				SWIFT_VERSION = 3.0;
				TEST_HOST = "$(BUILT_PRODUCTS_DIR)/Tic Tac Toe.app/Tic Tac Toe";
			};
			name = Release;
		};
		6B107A091E75CE9F003434C0 /* Debug */ = {
			isa = XCBuildConfiguration;
			buildSettings = {
				ALWAYS_EMBED_SWIFT_STANDARD_LIBRARIES = YES;
				INFOPLIST_FILE = "Tic Tac ToeUITests/Info.plist";
				LD_RUNPATH_SEARCH_PATHS = "$(inherited) @executable_path/Frameworks @loader_path/Frameworks";
				PRODUCT_BUNDLE_IDENTIFIER = "paapptech.Tic-Tac-ToeUITests";
				PRODUCT_NAME = "$(TARGET_NAME)";
				SWIFT_VERSION = 3.0;
				TEST_TARGET_NAME = "Tic Tac Toe";
			};
			name = Debug;
		};
		6B107A0A1E75CE9F003434C0 /* Release */ = {
			isa = XCBuildConfiguration;
			buildSettings = {
				ALWAYS_EMBED_SWIFT_STANDARD_LIBRARIES = YES;
				INFOPLIST_FILE = "Tic Tac ToeUITests/Info.plist";
				LD_RUNPATH_SEARCH_PATHS = "$(inherited) @executable_path/Frameworks @loader_path/Frameworks";
				PRODUCT_BUNDLE_IDENTIFIER = "paapptech.Tic-Tac-ToeUITests";
				PRODUCT_NAME = "$(TARGET_NAME)";
				SWIFT_VERSION = 3.0;
				TEST_TARGET_NAME = "Tic Tac Toe";
			};
			name = Release;
		};
/* End XCBuildConfiguration section */

/* Begin XCConfigurationList section */
		6B1079D51E75CE9E003434C0 /* Build configuration list for PBXProject "Tic Tac Toe" */ = {
			isa = XCConfigurationList;
			buildConfigurations = (
				6B107A001E75CE9F003434C0 /* Debug */,
				6B107A011E75CE9F003434C0 /* Release */,
			);
			defaultConfigurationIsVisible = 0;
			defaultConfigurationName = Release;
		};
		6B107A021E75CE9F003434C0 /* Build configuration list for PBXNativeTarget "Tic Tac Toe" */ = {
			isa = XCConfigurationList;
			buildConfigurations = (
				6B107A031E75CE9F003434C0 /* Debug */,
				6B107A041E75CE9F003434C0 /* Release */,
			);
			defaultConfigurationIsVisible = 0;
		};
		6B107A051E75CE9F003434C0 /* Build configuration list for PBXNativeTarget "Tic Tac ToeTests" */ = {
			isa = XCConfigurationList;
			buildConfigurations = (
				6B107A061E75CE9F003434C0 /* Debug */,
				6B107A071E75CE9F003434C0 /* Release */,
			);
			defaultConfigurationIsVisible = 0;
		};
		6B107A081E75CE9F003434C0 /* Build configuration list for PBXNativeTarget "Tic Tac ToeUITests" */ = {
			isa = XCConfigurationList;
			buildConfigurations = (
				6B107A091E75CE9F003434C0 /* Debug */,
				6B107A0A1E75CE9F003434C0 /* Release */,
			);
			defaultConfigurationIsVisible = 0;
		};
/* End XCConfigurationList section */
	};
	rootObject = 6B1079D21E75CE9E003434C0 /* Project object */;
}
